// !$*UTF8*$!
{
	archiveVersion = 1;
	classes = {
	};
	objectVersion = 56;
	objects = {

/* Begin PBXBuildFile section */
		2827CDC32ABFBC0000ABE7D9 /* SLDemoAppApp.swift in Sources */ = {isa = PBXBuildFile; fileRef = 2827CDC22ABFBC0000ABE7D9 /* SLDemoAppApp.swift */; };
		2827CDC52ABFBC0000ABE7D9 /* ContentView.swift in Sources */ = {isa = PBXBuildFile; fileRef = 2827CDC42ABFBC0000ABE7D9 /* ContentView.swift */; };
		2827CDC72ABFBC0100ABE7D9 /* Assets.xcassets in Resources */ = {isa = PBXBuildFile; fileRef = 2827CDC62ABFBC0100ABE7D9 /* Assets.xcassets */; };
		2827CDCB2ABFBC0100ABE7D9 /* Preview Assets.xcassets in Resources */ = {isa = PBXBuildFile; fileRef = 2827CDCA2ABFBC0100ABE7D9 /* Preview Assets.xcassets */; };
		2827CDD52ABFBC0100ABE7D9 /* SLDemoAppTests.swift in Sources */ = {isa = PBXBuildFile; fileRef = 2827CDD42ABFBC0100ABE7D9 /* SLDemoAppTests.swift */; };
		2827CDDF2ABFBC0100ABE7D9 /* SLDemoAppUITests.swift in Sources */ = {isa = PBXBuildFile; fileRef = 2827CDDE2ABFBC0100ABE7D9 /* SLDemoAppUITests.swift */; };
		2827CDE12ABFBC0100ABE7D9 /* SLDemoAppUITestsLaunchTests.swift in Sources */ = {isa = PBXBuildFile; fileRef = 2827CDE02ABFBC0100ABE7D9 /* SLDemoAppUITestsLaunchTests.swift */; };
/* End PBXBuildFile section */

/* Begin PBXContainerItemProxy section */
		2827CDD12ABFBC0100ABE7D9 /* PBXContainerItemProxy */ = {
			isa = PBXContainerItemProxy;
			containerPortal = 2827CDB72ABFBC0000ABE7D9 /* Project object */;
			proxyType = 1;
			remoteGlobalIDString = 2827CDBE2ABFBC0000ABE7D9;
			remoteInfo = SLDemoApp;
		};
		2827CDDB2ABFBC0100ABE7D9 /* PBXContainerItemProxy */ = {
			isa = PBXContainerItemProxy;
			containerPortal = 2827CDB72ABFBC0000ABE7D9 /* Project object */;
			proxyType = 1;
			remoteGlobalIDString = 2827CDBE2ABFBC0000ABE7D9;
			remoteInfo = SLDemoApp;
		};
/* End PBXContainerItemProxy section */

/* Begin PBXFileReference section */
		2827CDBF2ABFBC0000ABE7D9 /* SLDemoApp.app */ = {isa = PBXFileReference; explicitFileType = wrapper.application; includeInIndex = 0; path = SLDemoApp.app; sourceTree = BUILT_PRODUCTS_DIR; };
		2827CDC22ABFBC0000ABE7D9 /* SLDemoAppApp.swift */ = {isa = PBXFileReference; lastKnownFileType = sourcecode.swift; path = SLDemoAppApp.swift; sourceTree = "<group>"; };
		2827CDC42ABFBC0000ABE7D9 /* ContentView.swift */ = {isa = PBXFileReference; lastKnownFileType = sourcecode.swift; path = ContentView.swift; sourceTree = "<group>"; };
		2827CDC62ABFBC0100ABE7D9 /* Assets.xcassets */ = {isa = PBXFileReference; lastKnownFileType = folder.assetcatalog; path = Assets.xcassets; sourceTree = "<group>"; };
		2827CDC82ABFBC0100ABE7D9 /* SLDemoApp.entitlements */ = {isa = PBXFileReference; lastKnownFileType = text.plist.entitlements; path = SLDemoApp.entitlements; sourceTree = "<group>"; };
		2827CDCA2ABFBC0100ABE7D9 /* Preview Assets.xcassets */ = {isa = PBXFileReference; lastKnownFileType = folder.assetcatalog; path = "Preview Assets.xcassets"; sourceTree = "<group>"; };
		2827CDD02ABFBC0100ABE7D9 /* SLDemoAppTests.xctest */ = {isa = PBXFileReference; explicitFileType = wrapper.cfbundle; includeInIndex = 0; path = SLDemoAppTests.xctest; sourceTree = BUILT_PRODUCTS_DIR; };
		2827CDD42ABFBC0100ABE7D9 /* SLDemoAppTests.swift */ = {isa = PBXFileReference; lastKnownFileType = sourcecode.swift; path = SLDemoAppTests.swift; sourceTree = "<group>"; };
		2827CDDA2ABFBC0100ABE7D9 /* SLDemoAppUITests.xctest */ = {isa = PBXFileReference; explicitFileType = wrapper.cfbundle; includeInIndex = 0; path = SLDemoAppUITests.xctest; sourceTree = BUILT_PRODUCTS_DIR; };
		2827CDDE2ABFBC0100ABE7D9 /* SLDemoAppUITests.swift */ = {isa = PBXFileReference; lastKnownFileType = sourcecode.swift; path = SLDemoAppUITests.swift; sourceTree = "<group>"; };
		2827CDE02ABFBC0100ABE7D9 /* SLDemoAppUITestsLaunchTests.swift */ = {isa = PBXFileReference; lastKnownFileType = sourcecode.swift; path = SLDemoAppUITestsLaunchTests.swift; sourceTree = "<group>"; };
/* End PBXFileReference section */

/* Begin PBXFrameworksBuildPhase section */
		2827CDBC2ABFBC0000ABE7D9 /* Frameworks */ = {
			isa = PBXFrameworksBuildPhase;
			buildActionMask = 2147483647;
			files = (
			);
			runOnlyForDeploymentPostprocessing = 0;
		};
		2827CDCD2ABFBC0100ABE7D9 /* Frameworks */ = {
			isa = PBXFrameworksBuildPhase;
			buildActionMask = 2147483647;
			files = (
			);
			runOnlyForDeploymentPostprocessing = 0;
		};
		2827CDD72ABFBC0100ABE7D9 /* Frameworks */ = {
			isa = PBXFrameworksBuildPhase;
			buildActionMask = 2147483647;
			files = (
			);
			runOnlyForDeploymentPostprocessing = 0;
		};
/* End PBXFrameworksBuildPhase section */

/* Begin PBXGroup section */
		2827CDB62ABFBC0000ABE7D9 = {
			isa = PBXGroup;
			children = (
				2827CDC12ABFBC0000ABE7D9 /* SLDemoApp */,
				2827CDD32ABFBC0100ABE7D9 /* SLDemoAppTests */,
				2827CDDD2ABFBC0100ABE7D9 /* SLDemoAppUITests */,
				2827CDC02ABFBC0000ABE7D9 /* Products */,
			);
			sourceTree = "<group>";
		};
		2827CDC02ABFBC0000ABE7D9 /* Products */ = {
			isa = PBXGroup;
			children = (
				2827CDBF2ABFBC0000ABE7D9 /* SLDemoApp.app */,
				2827CDD02ABFBC0100ABE7D9 /* SLDemoAppTests.xctest */,
				2827CDDA2ABFBC0100ABE7D9 /* SLDemoAppUITests.xctest */,
			);
			name = Products;
			sourceTree = "<group>";
		};
		2827CDC12ABFBC0000ABE7D9 /* SLDemoApp */ = {
			isa = PBXGroup;
			children = (
				2827CDC22ABFBC0000ABE7D9 /* SLDemoAppApp.swift */,
				2827CDC42ABFBC0000ABE7D9 /* ContentView.swift */,
				2827CDC62ABFBC0100ABE7D9 /* Assets.xcassets */,
				2827CDC82ABFBC0100ABE7D9 /* SLDemoApp.entitlements */,
				2827CDC92ABFBC0100ABE7D9 /* Preview Content */,
			);
			path = SLDemoApp;
			sourceTree = "<group>";
		};
		2827CDC92ABFBC0100ABE7D9 /* Preview Content */ = {
			isa = PBXGroup;
			children = (
				2827CDCA2ABFBC0100ABE7D9 /* Preview Assets.xcassets */,
			);
			path = "Preview Content";
			sourceTree = "<group>";
		};
		2827CDD32ABFBC0100ABE7D9 /* SLDemoAppTests */ = {
			isa = PBXGroup;
			children = (
				2827CDD42ABFBC0100ABE7D9 /* SLDemoAppTests.swift */,
			);
			path = SLDemoAppTests;
			sourceTree = "<group>";
		};
		2827CDDD2ABFBC0100ABE7D9 /* SLDemoAppUITests */ = {
			isa = PBXGroup;
			children = (
				2827CDDE2ABFBC0100ABE7D9 /* SLDemoAppUITests.swift */,
				2827CDE02ABFBC0100ABE7D9 /* SLDemoAppUITestsLaunchTests.swift */,
			);
			path = SLDemoAppUITests;
			sourceTree = "<group>";
		};
/* End PBXGroup section */

/* Begin PBXNativeTarget section */
		2827CDBE2ABFBC0000ABE7D9 /* SLDemoApp */ = {
			isa = PBXNativeTarget;
			buildConfigurationList = 2827CDE42ABFBC0100ABE7D9 /* Build configuration list for PBXNativeTarget "SLDemoApp" */;
			buildPhases = (
				2827CDBB2ABFBC0000ABE7D9 /* Sources */,
				2827CDBC2ABFBC0000ABE7D9 /* Frameworks */,
				2827CDBD2ABFBC0000ABE7D9 /* Resources */,
			);
			buildRules = (
			);
			dependencies = (
			);
			name = SLDemoApp;
			productName = SLDemoApp;
			productReference = 2827CDBF2ABFBC0000ABE7D9 /* SLDemoApp.app */;
			productType = "com.apple.product-type.application";
		};
		2827CDCF2ABFBC0100ABE7D9 /* SLDemoAppTests */ = {
			isa = PBXNativeTarget;
			buildConfigurationList = 2827CDE72ABFBC0100ABE7D9 /* Build configuration list for PBXNativeTarget "SLDemoAppTests" */;
			buildPhases = (
				2827CDCC2ABFBC0100ABE7D9 /* Sources */,
				2827CDCD2ABFBC0100ABE7D9 /* Frameworks */,
				2827CDCE2ABFBC0100ABE7D9 /* Resources */,
			);
			buildRules = (
			);
			dependencies = (
				2827CDD22ABFBC0100ABE7D9 /* PBXTargetDependency */,
			);
			name = SLDemoAppTests;
			productName = SLDemoAppTests;
			productReference = 2827CDD02ABFBC0100ABE7D9 /* SLDemoAppTests.xctest */;
			productType = "com.apple.product-type.bundle.unit-test";
		};
		2827CDD92ABFBC0100ABE7D9 /* SLDemoAppUITests */ = {
			isa = PBXNativeTarget;
			buildConfigurationList = 2827CDEA2ABFBC0100ABE7D9 /* Build configuration list for PBXNativeTarget "SLDemoAppUITests" */;
			buildPhases = (
				2827CDD62ABFBC0100ABE7D9 /* Sources */,
				2827CDD72ABFBC0100ABE7D9 /* Frameworks */,
				2827CDD82ABFBC0100ABE7D9 /* Resources */,
			);
			buildRules = (
			);
			dependencies = (
				2827CDDC2ABFBC0100ABE7D9 /* PBXTargetDependency */,
			);
			name = SLDemoAppUITests;
			productName = SLDemoAppUITests;
			productReference = 2827CDDA2ABFBC0100ABE7D9 /* SLDemoAppUITests.xctest */;
			productType = "com.apple.product-type.bundle.ui-testing";
		};
/* End PBXNativeTarget section */

/* Begin PBXProject section */
		2827CDB72ABFBC0000ABE7D9 /* Project object */ = {
			isa = PBXProject;
			attributes = {
				BuildIndependentTargetsInParallel = 1;
				LastSwiftUpdateCheck = 1430;
				LastUpgradeCheck = 1430;
				TargetAttributes = {
					2827CDBE2ABFBC0000ABE7D9 = {
						CreatedOnToolsVersion = 14.3.1;
					};
					2827CDCF2ABFBC0100ABE7D9 = {
						CreatedOnToolsVersion = 14.3.1;
						TestTargetID = 2827CDBE2ABFBC0000ABE7D9;
					};
					2827CDD92ABFBC0100ABE7D9 = {
						CreatedOnToolsVersion = 14.3.1;
						TestTargetID = 2827CDBE2ABFBC0000ABE7D9;
					};
				};
			};
			buildConfigurationList = 2827CDBA2ABFBC0000ABE7D9 /* Build configuration list for PBXProject "SLDemoApp" */;
			compatibilityVersion = "Xcode 14.0";
			developmentRegion = en;
			hasScannedForEncodings = 0;
			knownRegions = (
				en,
				Base,
			);
			mainGroup = 2827CDB62ABFBC0000ABE7D9;
			productRefGroup = 2827CDC02ABFBC0000ABE7D9 /* Products */;
			projectDirPath = "";
			projectRoot = "";
			targets = (
				2827CDBE2ABFBC0000ABE7D9 /* SLDemoApp */,
				2827CDCF2ABFBC0100ABE7D9 /* SLDemoAppTests */,
				2827CDD92ABFBC0100ABE7D9 /* SLDemoAppUITests */,
			);
		};
/* End PBXProject section */

/* Begin PBXResourcesBuildPhase section */
		2827CDBD2ABFBC0000ABE7D9 /* Resources */ = {
			isa = PBXResourcesBuildPhase;
			buildActionMask = 2147483647;
			files = (
				2827CDCB2ABFBC0100ABE7D9 /* Preview Assets.xcassets in Resources */,
				2827CDC72ABFBC0100ABE7D9 /* Assets.xcassets in Resources */,
			);
			runOnlyForDeploymentPostprocessing = 0;
		};
		2827CDCE2ABFBC0100ABE7D9 /* Resources */ = {
			isa = PBXResourcesBuildPhase;
			buildActionMask = 2147483647;
			files = (
			);
			runOnlyForDeploymentPostprocessing = 0;
		};
		2827CDD82ABFBC0100ABE7D9 /* Resources */ = {
			isa = PBXResourcesBuildPhase;
			buildActionMask = 2147483647;
			files = (
			);
			runOnlyForDeploymentPostprocessing = 0;
		};
/* End PBXResourcesBuildPhase section */

/* Begin PBXSourcesBuildPhase section */
		2827CDBB2ABFBC0000ABE7D9 /* Sources */ = {
			isa = PBXSourcesBuildPhase;
			buildActionMask = 2147483647;
			files = (
				2827CDC52ABFBC0000ABE7D9 /* ContentView.swift in Sources */,
				2827CDC32ABFBC0000ABE7D9 /* SLDemoAppApp.swift in Sources */,
			);
			runOnlyForDeploymentPostprocessing = 0;
		};
		2827CDCC2ABFBC0100ABE7D9 /* Sources */ = {
			isa = PBXSourcesBuildPhase;
			buildActionMask = 2147483647;
			files = (
				2827CDD52ABFBC0100ABE7D9 /* SLDemoAppTests.swift in Sources */,
			);
			runOnlyForDeploymentPostprocessing = 0;
		};
		2827CDD62ABFBC0100ABE7D9 /* Sources */ = {
			isa = PBXSourcesBuildPhase;
			buildActionMask = 2147483647;
			files = (
				2827CDE12ABFBC0100ABE7D9 /* SLDemoAppUITestsLaunchTests.swift in Sources */,
				2827CDDF2ABFBC0100ABE7D9 /* SLDemoAppUITests.swift in Sources */,
			);
			runOnlyForDeploymentPostprocessing = 0;
		};
/* End PBXSourcesBuildPhase section */

/* Begin PBXTargetDependency section */
		2827CDD22ABFBC0100ABE7D9 /* PBXTargetDependency */ = {
			isa = PBXTargetDependency;
			target = 2827CDBE2ABFBC0000ABE7D9 /* SLDemoApp */;
			targetProxy = 2827CDD12ABFBC0100ABE7D9 /* PBXContainerItemProxy */;
		};
		2827CDDC2ABFBC0100ABE7D9 /* PBXTargetDependency */ = {
			isa = PBXTargetDependency;
			target = 2827CDBE2ABFBC0000ABE7D9 /* SLDemoApp */;
			targetProxy = 2827CDDB2ABFBC0100ABE7D9 /* PBXContainerItemProxy */;
		};
/* End PBXTargetDependency section */

/* Begin XCBuildConfiguration section */
		2827CDE22ABFBC0100ABE7D9 /* Debug */ = {
			isa = XCBuildConfiguration;
			buildSettings = {
				ALWAYS_SEARCH_USER_PATHS = NO;
				CLANG_ANALYZER_NONNULL = YES;
				CLANG_ANALYZER_NUMBER_OBJECT_CONVERSION = YES_AGGRESSIVE;
				CLANG_CXX_LANGUAGE_STANDARD = "gnu++20";
				CLANG_ENABLE_MODULES = YES;
				CLANG_ENABLE_OBJC_ARC = YES;
				CLANG_ENABLE_OBJC_WEAK = YES;
				CLANG_WARN_BLOCK_CAPTURE_AUTORELEASING = YES;
				CLANG_WARN_BOOL_CONVERSION = YES;
				CLANG_WARN_COMMA = YES;
				CLANG_WARN_CONSTANT_CONVERSION = YES;
				CLANG_WARN_DEPRECATED_OBJC_IMPLEMENTATIONS = YES;
				CLANG_WARN_DIRECT_OBJC_ISA_USAGE = YES_ERROR;
				CLANG_WARN_DOCUMENTATION_COMMENTS = YES;
				CLANG_WARN_EMPTY_BODY = YES;
				CLANG_WARN_ENUM_CONVERSION = YES;
				CLANG_WARN_INFINITE_RECURSION = YES;
				CLANG_WARN_INT_CONVERSION = YES;
				CLANG_WARN_NON_LITERAL_NULL_CONVERSION = YES;
				CLANG_WARN_OBJC_IMPLICIT_RETAIN_SELF = YES;
				CLANG_WARN_OBJC_LITERAL_CONVERSION = YES;
				CLANG_WARN_OBJC_ROOT_CLASS = YES_ERROR;
				CLANG_WARN_QUOTED_INCLUDE_IN_FRAMEWORK_HEADER = YES;
				CLANG_WARN_RANGE_LOOP_ANALYSIS = YES;
				CLANG_WARN_STRICT_PROTOTYPES = YES;
				CLANG_WARN_SUSPICIOUS_MOVE = YES;
				CLANG_WARN_UNGUARDED_AVAILABILITY = YES_AGGRESSIVE;
				CLANG_WARN_UNREACHABLE_CODE = YES;
				CLANG_WARN__DUPLICATE_METHOD_MATCH = YES;
				COPY_PHASE_STRIP = NO;
				DEBUG_INFORMATION_FORMAT = dwarf;
				ENABLE_STRICT_OBJC_MSGSEND = YES;
				ENABLE_TESTABILITY = YES;
				GCC_C_LANGUAGE_STANDARD = gnu11;
				GCC_DYNAMIC_NO_PIC = NO;
				GCC_NO_COMMON_BLOCKS = YES;
				GCC_OPTIMIZATION_LEVEL = 0;
				GCC_PREPROCESSOR_DEFINITIONS = (
					"DEBUG=1",
					"$(inherited)",
				);
				GCC_WARN_64_TO_32_BIT_CONVERSION = YES;
				GCC_WARN_ABOUT_RETURN_TYPE = YES_ERROR;
				GCC_WARN_UNDECLARED_SELECTOR = YES;
				GCC_WARN_UNINITIALIZED_AUTOS = YES_AGGRESSIVE;
				GCC_WARN_UNUSED_FUNCTION = YES;
				GCC_WARN_UNUSED_VARIABLE = YES;
				MTL_ENABLE_DEBUG_INFO = INCLUDE_SOURCE;
				MTL_FAST_MATH = YES;
				ONLY_ACTIVE_ARCH = YES;
				SWIFT_ACTIVE_COMPILATION_CONDITIONS = DEBUG;
				SWIFT_OPTIMIZATION_LEVEL = "-Onone";
			};
			name = Debug;
		};
		2827CDE32ABFBC0100ABE7D9 /* Release */ = {
			isa = XCBuildConfiguration;
			buildSettings = {
				ALWAYS_SEARCH_USER_PATHS = NO;
				CLANG_ANALYZER_NONNULL = YES;
				CLANG_ANALYZER_NUMBER_OBJECT_CONVERSION = YES_AGGRESSIVE;
				CLANG_CXX_LANGUAGE_STANDARD = "gnu++20";
				CLANG_ENABLE_MODULES = YES;
				CLANG_ENABLE_OBJC_ARC = YES;
				CLANG_ENABLE_OBJC_WEAK = YES;
				CLANG_WARN_BLOCK_CAPTURE_AUTORELEASING = YES;
				CLANG_WARN_BOOL_CONVERSION = YES;
				CLANG_WARN_COMMA = YES;
				CLANG_WARN_CONSTANT_CONVERSION = YES;
				CLANG_WARN_DEPRECATED_OBJC_IMPLEMENTATIONS = YES;
				CLANG_WARN_DIRECT_OBJC_ISA_USAGE = YES_ERROR;
				CLANG_WARN_DOCUMENTATION_COMMENTS = YES;
				CLANG_WARN_EMPTY_BODY = YES;
				CLANG_WARN_ENUM_CONVERSION = YES;
				CLANG_WARN_INFINITE_RECURSION = YES;
				CLANG_WARN_INT_CONVERSION = YES;
				CLANG_WARN_NON_LITERAL_NULL_CONVERSION = YES;
				CLANG_WARN_OBJC_IMPLICIT_RETAIN_SELF = YES;
				CLANG_WARN_OBJC_LITERAL_CONVERSION = YES;
				CLANG_WARN_OBJC_ROOT_CLASS = YES_ERROR;
				CLANG_WARN_QUOTED_INCLUDE_IN_FRAMEWORK_HEADER = YES;
				CLANG_WARN_RANGE_LOOP_ANALYSIS = YES;
				CLANG_WARN_STRICT_PROTOTYPES = YES;
				CLANG_WARN_SUSPICIOUS_MOVE = YES;
				CLANG_WARN_UNGUARDED_AVAILABILITY = YES_AGGRESSIVE;
				CLANG_WARN_UNREACHABLE_CODE = YES;
				CLANG_WARN__DUPLICATE_METHOD_MATCH = YES;
				COPY_PHASE_STRIP = NO;
				DEBUG_INFORMATION_FORMAT = "dwarf-with-dsym";
				ENABLE_NS_ASSERTIONS = NO;
				ENABLE_STRICT_OBJC_MSGSEND = YES;
				GCC_C_LANGUAGE_STANDARD = gnu11;
				GCC_NO_COMMON_BLOCKS = YES;
				GCC_WARN_64_TO_32_BIT_CONVERSION = YES;
				GCC_WARN_ABOUT_RETURN_TYPE = YES_ERROR;
				GCC_WARN_UNDECLARED_SELECTOR = YES;
				GCC_WARN_UNINITIALIZED_AUTOS = YES_AGGRESSIVE;
				GCC_WARN_UNUSED_FUNCTION = YES;
				GCC_WARN_UNUSED_VARIABLE = YES;
				MTL_ENABLE_DEBUG_INFO = NO;
				MTL_FAST_MATH = YES;
				SWIFT_COMPILATION_MODE = wholemodule;
				SWIFT_OPTIMIZATION_LEVEL = "-O";
			};
			name = Release;
		};
		2827CDE52ABFBC0100ABE7D9 /* Debug */ = {
			isa = XCBuildConfiguration;
			buildSettings = {
				ASSETCATALOG_COMPILER_APPICON_NAME = AppIcon;
				ASSETCATALOG_COMPILER_GLOBAL_ACCENT_COLOR_NAME = AccentColor;
				CODE_SIGN_ENTITLEMENTS = SLDemoApp/SLDemoApp.entitlements;
				CODE_SIGN_STYLE = Automatic;
				CURRENT_PROJECT_VERSION = 1;
				DEVELOPMENT_ASSET_PATHS = "\"SLDemoApp/Preview Content\"";
				DEVELOPMENT_TEAM = Y84DXJBW2D;
				ENABLE_HARDENED_RUNTIME = YES;
				ENABLE_PREVIEWS = YES;
				GENERATE_INFOPLIST_FILE = YES;
				"INFOPLIST_KEY_UIApplicationSceneManifest_Generation[sdk=iphoneos*]" = YES;
				"INFOPLIST_KEY_UIApplicationSceneManifest_Generation[sdk=iphonesimulator*]" = YES;
				"INFOPLIST_KEY_UIApplicationSupportsIndirectInputEvents[sdk=iphoneos*]" = YES;
				"INFOPLIST_KEY_UIApplicationSupportsIndirectInputEvents[sdk=iphonesimulator*]" = YES;
				"INFOPLIST_KEY_UILaunchScreen_Generation[sdk=iphoneos*]" = YES;
				"INFOPLIST_KEY_UILaunchScreen_Generation[sdk=iphonesimulator*]" = YES;
				"INFOPLIST_KEY_UIStatusBarStyle[sdk=iphoneos*]" = UIStatusBarStyleDefault;
				"INFOPLIST_KEY_UIStatusBarStyle[sdk=iphonesimulator*]" = UIStatusBarStyleDefault;
				INFOPLIST_KEY_UISupportedInterfaceOrientations_iPad = "UIInterfaceOrientationPortrait UIInterfaceOrientationPortraitUpsideDown UIInterfaceOrientationLandscapeLeft UIInterfaceOrientationLandscapeRight";
				INFOPLIST_KEY_UISupportedInterfaceOrientations_iPhone = "UIInterfaceOrientationPortrait UIInterfaceOrientationLandscapeLeft UIInterfaceOrientationLandscapeRight";
				IPHONEOS_DEPLOYMENT_TARGET = 16.4;
				LD_RUNPATH_SEARCH_PATHS = "@executable_path/Frameworks";
				"LD_RUNPATH_SEARCH_PATHS[sdk=macosx*]" = "@executable_path/../Frameworks";
				MACOSX_DEPLOYMENT_TARGET = 13.3;
				MARKETING_VERSION = 1.0;
				PRODUCT_BUNDLE_IDENTIFIER = SocialLimits.SLDemoApp;
				PRODUCT_NAME = "$(TARGET_NAME)";
				SDKROOT = auto;
				SUPPORTED_PLATFORMS = "iphoneos iphonesimulator macosx";
				SWIFT_EMIT_LOC_STRINGS = YES;
				SWIFT_VERSION = 5.0;
				TARGETED_DEVICE_FAMILY = "1,2";
			};
			name = Debug;
		};
		2827CDE62ABFBC0100ABE7D9 /* Release */ = {
			isa = XCBuildConfiguration;
			buildSettings = {
				ASSETCATALOG_COMPILER_APPICON_NAME = AppIcon;
				ASSETCATALOG_COMPILER_GLOBAL_ACCENT_COLOR_NAME = AccentColor;
				CODE_SIGN_ENTITLEMENTS = SLDemoApp/SLDemoApp.entitlements;
				CODE_SIGN_STYLE = Automatic;
				CURRENT_PROJECT_VERSION = 1;
				DEVELOPMENT_ASSET_PATHS = "\"SLDemoApp/Preview Content\"";
				DEVELOPMENT_TEAM = Y84DXJBW2D;
				ENABLE_HARDENED_RUNTIME = YES;
				ENABLE_PREVIEWS = YES;
				GENERATE_INFOPLIST_FILE = YES;
				"INFOPLIST_KEY_UIApplicationSceneManifest_Generation[sdk=iphoneos*]" = YES;
				"INFOPLIST_KEY_UIApplicationSceneManifest_Generation[sdk=iphonesimulator*]" = YES;
				"INFOPLIST_KEY_UIApplicationSupportsIndirectInputEvents[sdk=iphoneos*]" = YES;
				"INFOPLIST_KEY_UIApplicationSupportsIndirectInputEvents[sdk=iphonesimulator*]" = YES;
				"INFOPLIST_KEY_UILaunchScreen_Generation[sdk=iphoneos*]" = YES;
				"INFOPLIST_KEY_UILaunchScreen_Generation[sdk=iphonesimulator*]" = YES;
				"INFOPLIST_KEY_UIStatusBarStyle[sdk=iphoneos*]" = UIStatusBarStyleDefault;
				"INFOPLIST_KEY_UIStatusBarStyle[sdk=iphonesimulator*]" = UIStatusBarStyleDefault;
				INFOPLIST_KEY_UISupportedInterfaceOrientations_iPad = "UIInterfaceOrientationPortrait UIInterfaceOrientationPortraitUpsideDown UIInterfaceOrientationLandscapeLeft UIInterfaceOrientationLandscapeRight";
				INFOPLIST_KEY_UISupportedInterfaceOrientations_iPhone = "UIInterfaceOrientationPortrait UIInterfaceOrientationLandscapeLeft UIInterfaceOrientationLandscapeRight";
				IPHONEOS_DEPLOYMENT_TARGET = 16.4;
				LD_RUNPATH_SEARCH_PATHS = "@executable_path/Frameworks";
				"LD_RUNPATH_SEARCH_PATHS[sdk=macosx*]" = "@executable_path/../Frameworks";
				MACOSX_DEPLOYMENT_TARGET = 13.3;
				MARKETING_VERSION = 1.0;
				PRODUCT_BUNDLE_IDENTIFIER = SocialLimits.SLDemoApp;
				PRODUCT_NAME = "$(TARGET_NAME)";
				SDKROOT = auto;
				SUPPORTED_PLATFORMS = "iphoneos iphonesimulator macosx";
				SWIFT_EMIT_LOC_STRINGS = YES;
				SWIFT_VERSION = 5.0;
				TARGETED_DEVICE_FAMILY = "1,2";
			};
			name = Release;
		};
		2827CDE82ABFBC0100ABE7D9 /* Debug */ = {
			isa = XCBuildConfiguration;
			buildSettings = {
				ALWAYS_EMBED_SWIFT_STANDARD_LIBRARIES = YES;
				BUNDLE_LOADER = "$(TEST_HOST)";
				CODE_SIGN_STYLE = Automatic;
				CURRENT_PROJECT_VERSION = 1;
				DEVELOPMENT_TEAM = Y84DXJBW2D;
				GENERATE_INFOPLIST_FILE = YES;
				IPHONEOS_DEPLOYMENT_TARGET = 16.4;
				MACOSX_DEPLOYMENT_TARGET = 13.3;
				MARKETING_VERSION = 1.0;
				PRODUCT_BUNDLE_IDENTIFIER = SocialLimits.SLDemoAppTests;
				PRODUCT_NAME = "$(TARGET_NAME)";
				SDKROOT = auto;
				SUPPORTED_PLATFORMS = "iphoneos iphonesimulator macosx";
				SWIFT_EMIT_LOC_STRINGS = NO;
				SWIFT_VERSION = 5.0;
				TARGETED_DEVICE_FAMILY = "1,2";
				TEST_HOST = "$(BUILT_PRODUCTS_DIR)/SLDemoApp.app/$(BUNDLE_EXECUTABLE_FOLDER_PATH)/SLDemoApp";
			};
			name = Debug;
		};
		2827CDE92ABFBC0100ABE7D9 /* Release */ = {
			isa = XCBuildConfiguration;
			buildSettings = {
				ALWAYS_EMBED_SWIFT_STANDARD_LIBRARIES = YES;
				BUNDLE_LOADER = "$(TEST_HOST)";
				CODE_SIGN_STYLE = Automatic;
				CURRENT_PROJECT_VERSION = 1;
				DEVELOPMENT_TEAM = Y84DXJBW2D;
				GENERATE_INFOPLIST_FILE = YES;
				IPHONEOS_DEPLOYMENT_TARGET = 16.4;
				MACOSX_DEPLOYMENT_TARGET = 13.3;
				MARKETING_VERSION = 1.0;
				PRODUCT_BUNDLE_IDENTIFIER = SocialLimits.SLDemoAppTests;
				PRODUCT_NAME = "$(TARGET_NAME)";
				SDKROOT = auto;
				SUPPORTED_PLATFORMS = "iphoneos iphonesimulator macosx";
				SWIFT_EMIT_LOC_STRINGS = NO;
				SWIFT_VERSION = 5.0;
				TARGETED_DEVICE_FAMILY = "1,2";
				TEST_HOST = "$(BUILT_PRODUCTS_DIR)/SLDemoApp.app/$(BUNDLE_EXECUTABLE_FOLDER_PATH)/SLDemoApp";
			};
			name = Release;
		};
		2827CDEB2ABFBC0100ABE7D9 /* Debug */ = {
			isa = XCBuildConfiguration;
			buildSettings = {
				ALWAYS_EMBED_SWIFT_STANDARD_LIBRARIES = YES;
				CODE_SIGN_STYLE = Automatic;
				CURRENT_PROJECT_VERSION = 1;
				DEVELOPMENT_TEAM = Y84DXJBW2D;
				GENERATE_INFOPLIST_FILE = YES;
				IPHONEOS_DEPLOYMENT_TARGET = 16.4;
				MACOSX_DEPLOYMENT_TARGET = 13.3;
				MARKETING_VERSION = 1.0;
				PRODUCT_BUNDLE_IDENTIFIER = SocialLimits.SLDemoAppUITests;
				PRODUCT_NAME = "$(TARGET_NAME)";
				SDKROOT = auto;
				SUPPORTED_PLATFORMS = "iphoneos iphonesimulator macosx";
				SWIFT_EMIT_LOC_STRINGS = NO;
				SWIFT_VERSION = 5.0;
				TARGETED_DEVICE_FAMILY = "1,2";
				TEST_TARGET_NAME = SLDemoApp;
			};
			name = Debug;
		};
		2827CDEC2ABFBC0100ABE7D9 /* Release */ = {
			isa = XCBuildConfiguration;
			buildSettings = {
				ALWAYS_EMBED_SWIFT_STANDARD_LIBRARIES = YES;
				CODE_SIGN_STYLE = Automatic;
				CURRENT_PROJECT_VERSION = 1;
				DEVELOPMENT_TEAM = Y84DXJBW2D;
				GENERATE_INFOPLIST_FILE = YES;
				IPHONEOS_DEPLOYMENT_TARGET = 16.4;
				MACOSX_DEPLOYMENT_TARGET = 13.3;
				MARKETING_VERSION = 1.0;
				PRODUCT_BUNDLE_IDENTIFIER = SocialLimits.SLDemoAppUITests;
				PRODUCT_NAME = "$(TARGET_NAME)";
				SDKROOT = auto;
				SUPPORTED_PLATFORMS = "iphoneos iphonesimulator macosx";
				SWIFT_EMIT_LOC_STRINGS = NO;
				SWIFT_VERSION = 5.0;
				TARGETED_DEVICE_FAMILY = "1,2";
				TEST_TARGET_NAME = SLDemoApp;
			};
			name = Release;
		};
/* End XCBuildConfiguration section */

/* Begin XCConfigurationList section */
		2827CDBA2ABFBC0000ABE7D9 /* Build configuration list for PBXProject "SLDemoApp" */ = {
			isa = XCConfigurationList;
			buildConfigurations = (
				2827CDE22ABFBC0100ABE7D9 /* Debug */,
				2827CDE32ABFBC0100ABE7D9 /* Release */,
			);
			defaultConfigurationIsVisible = 0;
			defaultConfigurationName = Release;
		};
		2827CDE42ABFBC0100ABE7D9 /* Build configuration list for PBXNativeTarget "SLDemoApp" */ = {
			isa = XCConfigurationList;
			buildConfigurations = (
				2827CDE52ABFBC0100ABE7D9 /* Debug */,
				2827CDE62ABFBC0100ABE7D9 /* Release */,
			);
			defaultConfigurationIsVisible = 0;
			defaultConfigurationName = Release;
		};
		2827CDE72ABFBC0100ABE7D9 /* Build configuration list for PBXNativeTarget "SLDemoAppTests" */ = {
			isa = XCConfigurationList;
			buildConfigurations = (
				2827CDE82ABFBC0100ABE7D9 /* Debug */,
				2827CDE92ABFBC0100ABE7D9 /* Release */,
			);
			defaultConfigurationIsVisible = 0;
			defaultConfigurationName = Release;
		};
		2827CDEA2ABFBC0100ABE7D9 /* Build configuration list for PBXNativeTarget "SLDemoAppUITests" */ = {
			isa = XCConfigurationList;
			buildConfigurations = (
				2827CDEB2ABFBC0100ABE7D9 /* Debug */,
				2827CDEC2ABFBC0100ABE7D9 /* Release */,
			);
			defaultConfigurationIsVisible = 0;
			defaultConfigurationName = Release;
		};
/* End XCConfigurationList section */
	};
	rootObject = 2827CDB72ABFBC0000ABE7D9 /* Project object */;
}
